
Microsoft Visual Studio Solution File, Format Version 12.00
# Visual Studio Version 16
VisualStudioVersion = 16.0.29926.136
MinimumVisualStudioVersion = 10.0.40219.1
Project("{8BC9CEB8-8B4A-11D0-8D11-00A0C91BC942}") = "lab_3.12", "lab_3.12\lab_3.12.vcxproj", "{5702CC37-DEF2-406D-90FB-006A63EA4AEE}"
EndProject
Global
	GlobalSection(SolutionConfigurationPlatforms) = preSolution
		Debug|x64 = Debug|x64
		Debug|x86 = Debug|x86
		Release|x64 = Release|x64
		Release|x86 = Release|x86
	EndGlobalSection
	GlobalSection(ProjectConfigurationPlatforms) = postSolution
		{5702CC37-DEF2-406D-90FB-006A63EA4AEE}.Debug|x64.ActiveCfg = Debug|x64
		{5702CC37-DEF2-406D-90FB-006A63EA4AEE}.Debug|x64.Build.0 = Debug|x64
		{5702CC37-DEF2-406D-90FB-006A63EA4AEE}.Debug|x86.ActiveCfg = Debug|Win32
		{5702CC37-DEF2-406D-90FB-006A63EA4AEE}.Debug|x86.Build.0 = Debug|Win32
		{5702CC37-DEF2-406D-90FB-006A63EA4AEE}.Release|x64.ActiveCfg = Release|x64
		{5702CC37-DEF2-406D-90FB-006A63EA4AEE}.Release|x64.Build.0 = Release|x64
		{5702CC37-DEF2-406D-90FB-006A63EA4AEE}.Release|x86.ActiveCfg = Release|Win32
		{5702CC37-DEF2-406D-90FB-006A63EA4AEE}.Release|x86.Build.0 = Release|Win32
	EndGlobalSection
	GlobalSection(SolutionProperties) = preSolution
		HideSolutionNode = FALSE
	EndGlobalSection
	GlobalSection(ExtensibilityGlobals) = postSolution
		SolutionGuid = {FE17A120-4CDD-44D4-8543-326AEB07ED22}
	EndGlobalSection
EndGlobal
