
Microsoft Visual Studio Solution File, Format Version 12.00
# Visual Studio Version 16
VisualStudioVersion = 16.0.30011.22
MinimumVisualStudioVersion = 10.0.40219.1
Project("{8BC9CEB8-8B4A-11D0-8D11-00A0C91BC942}") = "lab_8.11", "lab_8.11\lab_8.11.vcxproj", "{7AC9D4DF-6E7A-4F9A-BC21-9D95C6D42453}"
EndProject
Global
	GlobalSection(SolutionConfigurationPlatforms) = preSolution
		Debug|x64 = Debug|x64
		Debug|x86 = Debug|x86
		Release|x64 = Release|x64
		Release|x86 = Release|x86
	EndGlobalSection
	GlobalSection(ProjectConfigurationPlatforms) = postSolution
		{7AC9D4DF-6E7A-4F9A-BC21-9D95C6D42453}.Debug|x64.ActiveCfg = Debug|x64
		{7AC9D4DF-6E7A-4F9A-BC21-9D95C6D42453}.Debug|x64.Build.0 = Debug|x64
		{7AC9D4DF-6E7A-4F9A-BC21-9D95C6D42453}.Debug|x86.ActiveCfg = Debug|Win32
		{7AC9D4DF-6E7A-4F9A-BC21-9D95C6D42453}.Debug|x86.Build.0 = Debug|Win32
		{7AC9D4DF-6E7A-4F9A-BC21-9D95C6D42453}.Release|x64.ActiveCfg = Release|x64
		{7AC9D4DF-6E7A-4F9A-BC21-9D95C6D42453}.Release|x64.Build.0 = Release|x64
		{7AC9D4DF-6E7A-4F9A-BC21-9D95C6D42453}.Release|x86.ActiveCfg = Release|Win32
		{7AC9D4DF-6E7A-4F9A-BC21-9D95C6D42453}.Release|x86.Build.0 = Release|Win32
	EndGlobalSection
	GlobalSection(SolutionProperties) = preSolution
		HideSolutionNode = FALSE
	EndGlobalSection
	GlobalSection(ExtensibilityGlobals) = postSolution
		SolutionGuid = {7C520F01-DC23-4532-A89D-5DC1E508BCBA}
	EndGlobalSection
EndGlobal
